# This file is generated by running "yarn install" inside your project.
# Manual changes might be lost - proceed with caution!

__metadata:
  version: 8
  cacheKey: 10c0

"@emnapi/core@npm:^1.4.3":
  version: 1.9.2
  resolution: "@emnapi/core@npm:1.9.2"
  dependencies:
    "@emnapi/wasi-threads": "npm:1.2.1"
    tslib: "npm:^2.4.0"
  checksum: 10c0/5500393f953951bad0768fafaa9191f2d938956b20c6d6a79e5ab696a613a25ce6ad23422bc18e86e6ce8deb147619d8d0d7d413a69f84adc01a6633cc353cd9
  languageName: node
  linkType: hard

"@emnapi/runtime@npm:^1.4.3":
  version: 1.9.2
  resolution: "@emnapi/runtime@npm:1.9.2"
  dependencies:
    tslib: "npm:^2.4.0"
  checksum: 10c0/61c3a59e0c36784558b8d58eb02bd04815aa5fb0dbfbaf84d1b3050a78aa0cc63ea129ae806bd1e48062bfeb7fc36eb0e5431740d62f64ea51bdf426404b8caa
  languageName: node
  linkType: hard

"@emnapi/wasi-threads@npm:1.2.1":
  version: 1.2.1
  resolution: "@emnapi/wasi-threads@npm:1.2.1"
  dependencies:
    tslib: "npm:^2.4.0"
  checksum: 10c0/32fcfa81ab396533b2ec1f4082b1ff779a05d9c836bbbd3f4398405b0e6814c0d9503b7993130e37bc6941dbc1ded49f55e9700ae9ca4e803bab2b5bc5deb331
  languageName: node
  linkType: hard

"@napi-rs/wasm-runtime@npm:^0.2.5":
  version: 0.2.12
  resolution: "@napi-rs/wasm-runtime@npm:0.2.12"
  dependencies:
    "@emnapi/core": "npm:^1.4.3"
    "@emnapi/runtime": "npm:^1.4.3"
    "@tybys/wasm-util": "npm:^0.10.0"
  checksum: 10c0/6d07922c0613aab30c6a497f4df297ca7c54e5b480e00035e0209b872d5c6aab7162fc49477267556109c2c7ed1eb9c65a174e27e9b87568106a87b0a6e3ca7d
  languageName: node
  linkType: hard

"@node-rs/crc32-android-arm-eabi@npm:1.10.6":
  version: 1.10.6
  resolution: "@node-rs/crc32-android-arm-eabi@npm:1.10.6"
  conditions: os=android & cpu=arm
  languageName: node
  linkType: hard

"@node-rs/crc32-android-arm64@npm:1.10.6":
  version: 1.10.6
  resolution: "@node-rs/crc32-android-arm64@npm:1.10.6"
  conditions: os=android & cpu=arm64
  languageName: node
  linkType: hard

"@node-rs/crc32-darwin-arm64@npm:1.10.6":
  version: 1.10.6
  resolution: "@node-rs/crc32-darwin-arm64@npm:1.10.6"
  conditions: os=darwin & cpu=arm64
  languageName: node
  linkType: hard

"@node-rs/crc32-darwin-x64@npm:1.10.6":
  version: 1.10.6
  resolution: "@node-rs/crc32-darwin-x64@npm:1.10.6"
  conditions: os=darwin & cpu=x64
  languageName: node
  linkType: hard

"@node-rs/crc32-freebsd-x64@npm:1.10.6":
  version: 1.10.6
  resolution: "@node-rs/crc32-freebsd-x64@npm:1.10.6"
  conditions: os=freebsd & cpu=x64
  languageName: node
  linkType: hard

"@node-rs/crc32-linux-arm-gnueabihf@npm:1.10.6":
  version: 1.10.6
  resolution: "@node-rs/crc32-linux-arm-gnueabihf@npm:1.10.6"
  conditions: os=linux & cpu=arm
  languageName: node
  linkType: hard

"@node-rs/crc32-linux-arm64-gnu@npm:1.10.6":
  version: 1.10.6
  resolution: "@node-rs/crc32-linux-arm64-gnu@npm:1.10.6"
  conditions: os=linux & cpu=arm64 & libc=glibc
  languageName: node
  linkType: hard

"@node-rs/crc32-linux-arm64-musl@npm:1.10.6":
  version: 1.10.6
  resolution: "@node-rs/crc32-linux-arm64-musl@npm:1.10.6"
  conditions: os=linux & cpu=arm64 & libc=musl
  languageName: node
  linkType: hard

"@node-rs/crc32-linux-x64-gnu@npm:1.10.6":
  version: 1.10.6
  resolution: "@node-rs/crc32-linux-x64-gnu@npm:1.10.6"
  conditions: os=linux & cpu=x64 & libc=glibc
  languageName: node
  linkType: hard

"@node-rs/crc32-linux-x64-musl@npm:1.10.6":
  version: 1.10.6
  resolution: "@node-rs/crc32-linux-x64-musl@npm:1.10.6"
  conditions: os=linux & cpu=x64 & libc=musl
  languageName: node
  linkType: hard

"@node-rs/crc32-wasm32-wasi@npm:1.10.6":
  version: 1.10.6
  resolution: "@node-rs/crc32-wasm32-wasi@npm:1.10.6"
  dependencies:
    "@napi-rs/wasm-runtime": "npm:^0.2.5"
  conditions: cpu=wasm32
  languageName: node
  linkType: hard

"@node-rs/crc32-win32-arm64-msvc@npm:1.10.6":
  version: 1.10.6
  resolution: "@node-rs/crc32-win32-arm64-msvc@npm:1.10.6"
  conditions: os=win32 & cpu=arm64
  languageName: node
  linkType: hard

"@node-rs/crc32-win32-ia32-msvc@npm:1.10.6":
  version: 1.10.6
  resolution: "@node-rs/crc32-win32-ia32-msvc@npm:1.10.6"
  conditions: os=win32 & cpu=ia32
  languageName: node
  linkType: hard

"@node-rs/crc32-win32-x64-msvc@npm:1.10.6":
  version: 1.10.6
  resolution: "@node-rs/crc32-win32-x64-msvc@npm:1.10.6"
  conditions: os=win32 & cpu=x64
  languageName: node
  linkType: hard

"@node-rs/crc32@npm:^1.10.6":
  version: 1.10.6
  resolution: "@node-rs/crc32@npm:1.10.6"
  dependencies:
    "@node-rs/crc32-android-arm-eabi": "npm:1.10.6"
    "@node-rs/crc32-android-arm64": "npm:1.10.6"
    "@node-rs/crc32-darwin-arm64": "npm:1.10.6"
    "@node-rs/crc32-darwin-x64": "npm:1.10.6"
    "@node-rs/crc32-freebsd-x64": "npm:1.10.6"
    "@node-rs/crc32-linux-arm-gnueabihf": "npm:1.10.6"
    "@node-rs/crc32-linux-arm64-gnu": "npm:1.10.6"
    "@node-rs/crc32-linux-arm64-musl": "npm:1.10.6"
    "@node-rs/crc32-linux-x64-gnu": "npm:1.10.6"
    "@node-rs/crc32-linux-x64-musl": "npm:1.10.6"
    "@node-rs/crc32-wasm32-wasi": "npm:1.10.6"
    "@node-rs/crc32-win32-arm64-msvc": "npm:1.10.6"
    "@node-rs/crc32-win32-ia32-msvc": "npm:1.10.6"
    "@node-rs/crc32-win32-x64-msvc": "npm:1.10.6"
  dependenciesMeta:
    "@node-rs/crc32-android-arm-eabi":
      optional: true
    "@node-rs/crc32-android-arm64":
      optional: true
    "@node-rs/crc32-darwin-arm64":
      optional: true
    "@node-rs/crc32-darwin-x64":
      optional: true
    "@node-rs/crc32-freebsd-x64":
      optional: true
    "@node-rs/crc32-linux-arm-gnueabihf":
      optional: true
    "@node-rs/crc32-linux-arm64-gnu":
      optional: true
    "@node-rs/crc32-linux-arm64-musl":
      optional: true
    "@node-rs/crc32-linux-x64-gnu":
      optional: true
    "@node-rs/crc32-linux-x64-musl":
      optional: true
    "@node-rs/crc32-wasm32-wasi":
      optional: true
    "@node-rs/crc32-win32-arm64-msvc":
      optional: true
    "@node-rs/crc32-win32-ia32-msvc":
      optional: true
    "@node-rs/crc32-win32-x64-msvc":
      optional: true
  checksum: 10c0/536efd0f847f49a12c2c48610dee1de55e88f03873769a04d0d86f3d96610d71ade7d1e021b44fb3e91d54cda2e78c9e659b46cbaf88a0907a2cbf2b16030cb6
  languageName: node
  linkType: hard

"@platformatic/dynamic-buffer@npm:^0.3.0, @platformatic/dynamic-buffer@npm:^0.3.1":
  version: 0.3.1
  resolution: "@platformatic/dynamic-buffer@npm:0.3.1"
  checksum: 10c0/7eb86139c3ba71397831ad7e4b5070bee84971753ff5997f36b3641313f1004622ca352de87fee913dd46b9731ba651607fc5e4956e618d49d6fcdc0f8328bec
  languageName: node
  linkType: hard

"@platformatic/wasm-utils@npm:^0.1.0":
  version: 0.1.0
  resolution: "@platformatic/wasm-utils@npm:0.1.0"
  dependencies:
    "@platformatic/dynamic-buffer": "npm:^0.3.0"
  checksum: 10c0/562415ab749c0f596cef5a68c9625a2555956a6f08fd8179fba17079f8b427d34c41bd3122825eb360de846395e59a1be8f398a19a6288cd2be8ff86c056385b
  languageName: node
  linkType: hard

"@protobufjs/aspromise@npm:^1.1.1, @protobufjs/aspromise@npm:^1.1.2":
  version: 1.1.2
  resolution: "@protobufjs/aspromise@npm:1.1.2"
  checksum: 10c0/a83343a468ff5b5ec6bff36fd788a64c839e48a07ff9f4f813564f58caf44d011cd6504ed2147bf34835bd7a7dd2107052af755961c6b098fd8902b4f6500d0f
  languageName: node
  linkType: hard

"@protobufjs/base64@npm:^1.1.2":
  version: 1.1.2
  resolution: "@protobufjs/base64@npm:1.1.2"
  checksum: 10c0/eec925e681081af190b8ee231f9bad3101e189abbc182ff279da6b531e7dbd2a56f1f306f37a80b1be9e00aa2d271690d08dcc5f326f71c9eed8546675c8caf6
  languageName: node
  linkType: hard

"@protobufjs/codegen@npm:^2.0.4":
  version: 2.0.4
  resolution: "@protobufjs/codegen@npm:2.0.4"
  checksum: 10c0/26ae337c5659e41f091606d16465bbcc1df1f37cc1ed462438b1f67be0c1e28dfb2ca9f294f39100c52161aef82edf758c95d6d75650a1ddf31f7ddee1440b43
  languageName: node
  linkType: hard

"@protobufjs/eventemitter@npm:^1.1.0":
  version: 1.1.0
  resolution: "@protobufjs/eventemitter@npm:1.1.0"
  checksum: 10c0/1eb0a75180e5206d1033e4138212a8c7089a3d418c6dfa5a6ce42e593a4ae2e5892c4ef7421f38092badba4040ea6a45f0928869989411001d8c1018ea9a6e70
  languageName: node
  linkType: hard

"@protobufjs/fetch@npm:^1.1.0":
  version: 1.1.0
  resolution: "@protobufjs/fetch@npm:1.1.0"
  dependencies:
    "@protobufjs/aspromise": "npm:^1.1.1"
    "@protobufjs/inquire": "npm:^1.1.0"
  checksum: 10c0/cda6a3dc2d50a182c5865b160f72077aac197046600091dbb005dd0a66db9cce3c5eaed6d470ac8ed49d7bcbeef6ee5f0bc288db5ff9a70cbd003e5909065233
  languageName: node
  linkType: hard

"@protobufjs/float@npm:^1.0.2":
  version: 1.0.2
  resolution: "@protobufjs/float@npm:1.0.2"
  checksum: 10c0/18f2bdede76ffcf0170708af15c9c9db6259b771e6b84c51b06df34a9c339dbbeec267d14ce0bddd20acc142b1d980d983d31434398df7f98eb0c94a0eb79069
  languageName: node
  linkType: hard

"@protobufjs/inquire@npm:^1.1.0":
  version: 1.1.0
  resolution: "@protobufjs/inquire@npm:1.1.0"
  checksum: 10c0/64372482efcba1fb4d166a2664a6395fa978b557803857c9c03500e0ac1013eb4b1aacc9ed851dd5fc22f81583670b4f4431bae186f3373fedcfde863ef5921a
  languageName: node
  linkType: hard

"@protobufjs/path@npm:^1.1.2":
  version: 1.1.2
  resolution: "@protobufjs/path@npm:1.1.2"
  checksum: 10c0/cece0a938e7f5dfd2fa03f8c14f2f1cf8b0d6e13ac7326ff4c96ea311effd5fb7ae0bba754fbf505312af2e38500250c90e68506b97c02360a43793d88a0d8b4
  languageName: node
  linkType: hard

"@protobufjs/pool@npm:^1.1.0":
  version: 1.1.0
  resolution: "@protobufjs/pool@npm:1.1.0"
  checksum: 10c0/eda2718b7f222ac6e6ad36f758a92ef90d26526026a19f4f17f668f45e0306a5bd734def3f48f51f8134ae0978b6262a5c517c08b115a551756d1a3aadfcf038
  languageName: node
  linkType: hard

"@protobufjs/utf8@npm:^1.1.0":
  version: 1.1.0
  resolution: "@protobufjs/utf8@npm:1.1.0"
  checksum: 10c0/a3fe31fe3fa29aa3349e2e04ee13dc170cc6af7c23d92ad49e3eeaf79b9766264544d3da824dba93b7855bd6a2982fb40032ef40693da98a136d835752beb487
  languageName: node
  linkType: hard

"@tybys/wasm-util@npm:^0.10.0":
  version: 0.10.1
  resolution: "@tybys/wasm-util@npm:0.10.1"
  dependencies:
    tslib: "npm:^2.4.0"
  checksum: 10c0/b255094f293794c6d2289300c5fbcafbb5532a3aed3a5ffd2f8dc1828e639b88d75f6a376dd8f94347a44813fd7a7149d8463477a9a49525c8b2dcaa38c2d1e8
  languageName: node
  linkType: hard

"@types/node@npm:>=13.7.0":
  version: 25.5.0
  resolution: "@types/node@npm:25.5.0"
  dependencies:
    undici-types: "npm:~7.18.0"
  checksum: 10c0/70c508165b6758c4f88d4f91abca526c3985eee1985503d4c2bd994dbaf588e52ac57e571160f18f117d76e963570ac82bd20e743c18987e82564312b3b62119
  languageName: node
  linkType: hard

"ajv@npm:^8.17.1":
  version: 8.18.0
  resolution: "ajv@npm:8.18.0"
  dependencies:
    fast-deep-equal: "npm:^3.1.3"
    fast-uri: "npm:^3.0.1"
    json-schema-traverse: "npm:^1.0.0"
    require-from-string: "npm:^2.0.2"
  checksum: 10c0/e7517c426173513a07391be951879932bdf3348feaebd2199f5b901c20f99d60db8cd1591502d4d551dc82f594e82a05c4fe1c70139b15b8937f7afeaed9532f
  languageName: node
  linkType: hard

"avsc@npm:^5.7.9":
  version: 5.7.9
  resolution: "avsc@npm:5.7.9"
  checksum: 10c0/14e42aa67f3e15881f34a891ae2829b34e9a1cd082872fb1af8614c9a7f89a113eaf582c661479b63773496d327f8d6815bba6b2a6bb7fc46da8ab01add70efc
  languageName: node
  linkType: hard

"debug@npm:^4.4.3":
  version: 4.4.3
  resolution: "debug@npm:4.4.3"
  dependencies:
    ms: "npm:^2.1.3"
  peerDependenciesMeta:
    supports-color:
      optional: true
  checksum: 10c0/d79136ec6c83ecbefd0f6a5593da6a9c91ec4d7ddc4b54c883d6e71ec9accb5f67a1a5e96d00a328196b5b5c86d365e98d8a3a70856aaf16b4e7b1985e67f5a6
  languageName: node
  linkType: hard

"fast-deep-equal@npm:^3.1.3":
  version: 3.1.3
  resolution: "fast-deep-equal@npm:3.1.3"
  checksum: 10c0/40dedc862eb8992c54579c66d914635afbec43350afbbe991235fdcb4e3a8d5af1b23ae7e79bef7d4882d0ecee06c3197488026998fb19f72dc95acff1d1b1d0
  languageName: node
  linkType: hard

"fast-uri@npm:^3.0.1":
  version: 3.1.0
  resolution: "fast-uri@npm:3.1.0"
  checksum: 10c0/44364adca566f70f40d1e9b772c923138d47efeac2ae9732a872baafd77061f26b097ba2f68f0892885ad177becd065520412b8ffeec34b16c99433c5b9e2de7
  languageName: node
  linkType: hard

"fastq@npm:^1.19.1":
  version: 1.20.1
  resolution: "fastq@npm:1.20.1"
  dependencies:
    reusify: "npm:^1.0.4"
  checksum: 10c0/e5dd725884decb1f11e5c822221d76136f239d0236f176fab80b7b8f9e7619ae57e6b4e5b73defc21e6b9ef99437ee7b545cff8e6c2c337819633712fa9d352e
  languageName: node
  linkType: hard

"json-schema-traverse@npm:^1.0.0":
  version: 1.0.0
  resolution: "json-schema-traverse@npm:1.0.0"
  checksum: 10c0/71e30015d7f3d6dc1c316d6298047c8ef98a06d31ad064919976583eb61e1018a60a0067338f0f79cabc00d84af3fcc489bd48ce8a46ea165d9541ba17fb30c6
  languageName: node
  linkType: hard

"kafka130@npm:@platformatic/kafka@1.30.0":
  version: 1.30.0
  resolution: "@platformatic/kafka@npm:1.30.0"
  dependencies:
    "@node-rs/crc32": "npm:^1.10.6"
    "@platformatic/dynamic-buffer": "npm:^0.3.1"
    "@platformatic/wasm-utils": "npm:^0.1.0"
    ajv: "npm:^8.17.1"
    avsc: "npm:^5.7.9"
    debug: "npm:^4.4.3"
    fastq: "npm:^1.19.1"
    mnemonist: "npm:^0.40.3"
    protobufjs: "npm:^8.0.0"
    scule: "npm:^1.3.0"
  dependenciesMeta:
    "@node-rs/crc32":
      optional: true
    protobufjs:
      optional: true
  checksum: 10c0/b6841060c956dd9ade36f2769eb37db865c30e6597c04ba1d28e0f9835afc9479909dbcfd00c2bc359023bcb789ffb6d79ea4de62fd729a796e99f2fdde6ebba
  languageName: node
  linkType: hard

"kafka131@npm:@platformatic/kafka@1.31.0":
  version: 1.31.0
  resolution: "@platformatic/kafka@npm:1.31.0"
  dependencies:
    "@node-rs/crc32": "npm:^1.10.6"
    "@platformatic/dynamic-buffer": "npm:^0.3.1"
    "@platformatic/wasm-utils": "npm:^0.1.0"
    ajv: "npm:^8.17.1"
    avsc: "npm:^5.7.9"
    debug: "npm:^4.4.3"
    fastq: "npm:^1.19.1"
    mnemonist: "npm:^0.40.3"
    protobufjs: "npm:^8.0.0"
    scule: "npm:^1.3.0"
  dependenciesMeta:
    "@node-rs/crc32":
      optional: true
    protobufjs:
      optional: true
  checksum: 10c0/bd1cbde5911dae289840c925229316fe7228061c1a70c3985acde4e811ce247f7c2129844ee48d1bb8ca010d9e5dec1a625345a88a4a028586f830a931aade3d
  languageName: node
  linkType: hard

"long@npm:^5.0.0":
  version: 5.3.2
  resolution: "long@npm:5.3.2"
  checksum: 10c0/7130fe1cbce2dca06734b35b70d380ca3f70271c7f8852c922a7c62c86c4e35f0c39290565eca7133c625908d40e126ac57c02b1b1a4636b9457d77e1e60b981
  languageName: node
  linkType: hard

"mnemonist@npm:^0.40.3":
  version: 0.40.3
  resolution: "mnemonist@npm:0.40.3"
  dependencies:
    obliterator: "npm:^2.0.4"
  checksum: 10c0/8c061d692dc4c45b04045e710e696f94ce6ea819769ed378636523e021ae2bb397945513e9265757b6f2fd29713b7315bc6bb74452df5508fc270bf49f1d1636
  languageName: node
  linkType: hard

"ms@npm:^2.1.3":
  version: 2.1.3
  resolution: "ms@npm:2.1.3"
  checksum: 10c0/d924b57e7312b3b63ad21fc5b3dc0af5e78d61a1fc7cfb5457edaf26326bf62be5307cc87ffb6862ef1c2b33b0233cdb5d4f01c4c958cc0d660948b65a287a48
  languageName: node
  linkType: hard

"obliterator@npm:^2.0.4":
  version: 2.0.5
  resolution: "obliterator@npm:2.0.5"
  checksum: 10c0/36e67d88271c51aa6412a7d449d6c60ae6387176f94dbc557eea67456bf6ccedbcbcecdb1e56438aa4f4694f68f531b3bf2be87b019e2f69961b144bec124e70
  languageName: node
  linkType: hard

"platformatic-kafka-backpressure-repro@workspace:.":
  version: 0.0.0-use.local
  resolution: "platformatic-kafka-backpressure-repro@workspace:."
  dependencies:
    kafka130: "npm:@platformatic/kafka@1.30.0"
    kafka131: "npm:@platformatic/kafka@1.31.0"
  languageName: unknown
  linkType: soft

"protobufjs@npm:^8.0.0":
  version: 8.0.0
  resolution: "protobufjs@npm:8.0.0"
  dependencies:
    "@protobufjs/aspromise": "npm:^1.1.2"
    "@protobufjs/base64": "npm:^1.1.2"
    "@protobufjs/codegen": "npm:^2.0.4"
    "@protobufjs/eventemitter": "npm:^1.1.0"
    "@protobufjs/fetch": "npm:^1.1.0"
    "@protobufjs/float": "npm:^1.0.2"
    "@protobufjs/inquire": "npm:^1.1.0"
    "@protobufjs/path": "npm:^1.1.2"
    "@protobufjs/pool": "npm:^1.1.0"
    "@protobufjs/utf8": "npm:^1.1.0"
    "@types/node": "npm:>=13.7.0"
    long: "npm:^5.0.0"
  checksum: 10c0/6fb29ca3c6abc2095a777407750f6094448b7b68bbf04147ec49ee442f85f151592338449f56d19883ea67c39ce915e3d47ec6c5c92f0bcac1eaba1841ab84ff
  languageName: node
  linkType: hard

"require-from-string@npm:^2.0.2":
  version: 2.0.2
  resolution: "require-from-string@npm:2.0.2"
  checksum: 10c0/aaa267e0c5b022fc5fd4eef49d8285086b15f2a1c54b28240fdf03599cbd9c26049fee3eab894f2e1f6ca65e513b030a7c264201e3f005601e80c49fb2937ce2
  languageName: node
  linkType: hard

"reusify@npm:^1.0.4":
  version: 1.1.0
  resolution: "reusify@npm:1.1.0"
  checksum: 10c0/4eff0d4a5f9383566c7d7ec437b671cc51b25963bd61bf127c3f3d3f68e44a026d99b8d2f1ad344afff8d278a8fe70a8ea092650a716d22287e8bef7126bb2fa
  languageName: node
  linkType: hard

"scule@npm:^1.3.0":
  version: 1.3.0
  resolution: "scule@npm:1.3.0"
  checksum: 10c0/5d1736daa10622c420f2aa74e60d3c722e756bfb139fa784ae5c66669fdfe92932d30ed5072e4ce3107f9c3053e35ad73b2461cb18de45b867e1d4dea63f8823
  languageName: node
  linkType: hard

"tslib@npm:^2.4.0":
  version: 2.8.1
  resolution: "tslib@npm:2.8.1"
  checksum: 10c0/9c4759110a19c53f992d9aae23aac5ced636e99887b51b9e61def52611732872ff7668757d4e4c61f19691e36f4da981cd9485e869b4a7408d689f6bf1f14e62
  languageName: node
  linkType: hard

"undici-types@npm:~7.18.0":
  version: 7.18.2
  resolution: "undici-types@npm:7.18.2"
  checksum: 10c0/85a79189113a238959d7a647368e4f7c5559c3a404ebdb8fc4488145ce9426fcd82252a844a302798dfc0e37e6fb178ff481ed03bc4caf634c5757d9ef43521d
  languageName: node
  linkType: hard
